
Microsoft Visual Studio Solution File, Format Version 12.00
# Visual Studio 14
VisualStudioVersion = 14.0.23107.0
MinimumVisualStudioVersion = 10.0.40219.1
Project("{2150E333-8FDC-42A3-9474-1A3956D46DE8}") = "src", "src", "{E7DFCBAB-90E1-455F-9CDE-7E71B270B4B0}"
EndProject
Project("{2150E333-8FDC-42A3-9474-1A3956D46DE8}") = "Solution Items", "Solution Items", "{09A437BC-EBCF-4207-A325-191F841EA7FB}"
	ProjectSection(SolutionItems) = preProject
		global.json = global.json
		..\Mashup.Api.Quality\global.json = ..\Mashup.Api.Quality\global.json
	EndProjectSection
EndProject
Project("{8BB2217D-0F2D-49D1-97BC-3654ED321F3B}") = "Mashup.UI.Core", "src\Mashup.UI.Core\Mashup.UI.Core.xproj", "{C8405FCC-7620-4510-8648-5DF2D0F05830}"
EndProject
Project("{2150E333-8FDC-42A3-9474-1A3956D46DE8}") = "api", "api", "{818F9903-1A25-480E-BDBE-88F407C0CC1E}"
EndProject
Project("{8BB2217D-0F2D-49D1-97BC-3654ED321F3B}") = "Mashup.Api.Quality", "..\Mashup.Api.Quality\Mashup.Api.Quality.xproj", "{7B0AD33F-D276-40CD-8F1C-0A9154C39FA2}"
EndProject
Global
	GlobalSection(SolutionConfigurationPlatforms) = preSolution
		Debug|Any CPU = Debug|Any CPU
		Prod|Any CPU = Prod|Any CPU
		Release|Any CPU = Release|Any CPU
		Staging|Any CPU = Staging|Any CPU
	EndGlobalSection
	GlobalSection(ProjectConfigurationPlatforms) = postSolution
		{C8405FCC-7620-4510-8648-5DF2D0F05830}.Debug|Any CPU.ActiveCfg = Debug|Any CPU
		{C8405FCC-7620-4510-8648-5DF2D0F05830}.Debug|Any CPU.Build.0 = Debug|Any CPU
		{C8405FCC-7620-4510-8648-5DF2D0F05830}.Prod|Any CPU.ActiveCfg = Prod|Any CPU
		{C8405FCC-7620-4510-8648-5DF2D0F05830}.Prod|Any CPU.Build.0 = Prod|Any CPU
		{C8405FCC-7620-4510-8648-5DF2D0F05830}.Release|Any CPU.ActiveCfg = Release|Any CPU
		{C8405FCC-7620-4510-8648-5DF2D0F05830}.Release|Any CPU.Build.0 = Release|Any CPU
		{C8405FCC-7620-4510-8648-5DF2D0F05830}.Staging|Any CPU.ActiveCfg = Staging|Any CPU
		{C8405FCC-7620-4510-8648-5DF2D0F05830}.Staging|Any CPU.Build.0 = Staging|Any CPU
		{7B0AD33F-D276-40CD-8F1C-0A9154C39FA2}.Debug|Any CPU.ActiveCfg = Debug|Any CPU
		{7B0AD33F-D276-40CD-8F1C-0A9154C39FA2}.Debug|Any CPU.Build.0 = Debug|Any CPU
		{7B0AD33F-D276-40CD-8F1C-0A9154C39FA2}.Prod|Any CPU.ActiveCfg = Prod|Any CPU
		{7B0AD33F-D276-40CD-8F1C-0A9154C39FA2}.Prod|Any CPU.Build.0 = Prod|Any CPU
		{7B0AD33F-D276-40CD-8F1C-0A9154C39FA2}.Release|Any CPU.ActiveCfg = Debug|Any CPU
		{7B0AD33F-D276-40CD-8F1C-0A9154C39FA2}.Release|Any CPU.Build.0 = Debug|Any CPU
		{7B0AD33F-D276-40CD-8F1C-0A9154C39FA2}.Staging|Any CPU.ActiveCfg = Staging|Any CPU
		{7B0AD33F-D276-40CD-8F1C-0A9154C39FA2}.Staging|Any CPU.Build.0 = Staging|Any CPU
	EndGlobalSection
	GlobalSection(SolutionProperties) = preSolution
		HideSolutionNode = FALSE
	EndGlobalSection
	GlobalSection(NestedProjects) = preSolution
		{C8405FCC-7620-4510-8648-5DF2D0F05830} = {E7DFCBAB-90E1-455F-9CDE-7E71B270B4B0}
		{7B0AD33F-D276-40CD-8F1C-0A9154C39FA2} = {818F9903-1A25-480E-BDBE-88F407C0CC1E}
	EndGlobalSection
	GlobalSection(ExtensibilityGlobals) = postSolution
		VisualSVNWorkingCopyRoot = ..
	EndGlobalSection
EndGlobal
